// !$*UTF8*$!
{
	archiveVersion = 1;
	classes = {
	};
	objectVersion = 46;
	objects = {

/* Begin PBXBuildFile section */
		67D9AA7FAB6F4EAD847284A1 /* libPods.a in Frameworks */ = {isa = PBXBuildFile; fileRef = D074486CAE8541B99084A9CB /* libPods.a */; };
		BF767BC719032C8600EDD267 /* Foundation.framework in Frameworks */ = {isa = PBXBuildFile; fileRef = BF767BC619032C8600EDD267 /* Foundation.framework */; };
		BF767BC919032C8600EDD267 /* CoreGraphics.framework in Frameworks */ = {isa = PBXBuildFile; fileRef = BF767BC819032C8600EDD267 /* CoreGraphics.framework */; };
		BF767BCB19032C8600EDD267 /* UIKit.framework in Frameworks */ = {isa = PBXBuildFile; fileRef = BF767BCA19032C8600EDD267 /* UIKit.framework */; };
		BF767BD119032C8600EDD267 /* InfoPlist.strings in Resources */ = {isa = PBXBuildFile; fileRef = BF767BCF19032C8600EDD267 /* InfoPlist.strings */; };
		BF767BD319032C8600EDD267 /* main.m in Sources */ = {isa = PBXBuildFile; fileRef = BF767BD219032C8600EDD267 /* main.m */; };
		BF767BD719032C8600EDD267 /* AppDelegate.m in Sources */ = {isa = PBXBuildFile; fileRef = BF767BD619032C8600EDD267 /* AppDelegate.m */; };
		BF767BD919032C8600EDD267 /* Images.xcassets in Resources */ = {isa = PBXBuildFile; fileRef = BF767BD819032C8600EDD267 /* Images.xcassets */; };
		BF767BE019032C8600EDD267 /* XCTest.framework in Frameworks */ = {isa = PBXBuildFile; fileRef = BF767BDF19032C8600EDD267 /* XCTest.framework */; };
		BF767BE119032C8600EDD267 /* Foundation.framework in Frameworks */ = {isa = PBXBuildFile; fileRef = BF767BC619032C8600EDD267 /* Foundation.framework */; };
		BF767BE219032C8600EDD267 /* UIKit.framework in Frameworks */ = {isa = PBXBuildFile; fileRef = BF767BCA19032C8600EDD267 /* UIKit.framework */; };
		BF767BEA19032C8600EDD267 /* InfoPlist.strings in Resources */ = {isa = PBXBuildFile; fileRef = BF767BE819032C8600EDD267 /* InfoPlist.strings */; };
		BF767BEC19032C8600EDD267 /* IveeTests.m in Sources */ = {isa = PBXBuildFile; fileRef = BF767BEB19032C8600EDD267 /* IveeTests.m */; };
		BF767BFD1903381400EDD267 /* BoardsIndexViewController.m in Sources */ = {isa = PBXBuildFile; fileRef = BF767BFB1903381400EDD267 /* BoardsIndexViewController.m */; };
		BF767BFE1903381400EDD267 /* BoardsIndexViewController.xib in Resources */ = {isa = PBXBuildFile; fileRef = BF767BFC1903381400EDD267 /* BoardsIndexViewController.xib */; };
		BF767C021903382B00EDD267 /* NewBoardViewController.m in Sources */ = {isa = PBXBuildFile; fileRef = BF767C001903382B00EDD267 /* NewBoardViewController.m */; };
		BF767C031903382B00EDD267 /* NewBoardViewController.xib in Resources */ = {isa = PBXBuildFile; fileRef = BF767C011903382B00EDD267 /* NewBoardViewController.xib */; };
		BF767C071903384E00EDD267 /* ListViewController.m in Sources */ = {isa = PBXBuildFile; fileRef = BF767C051903384E00EDD267 /* ListViewController.m */; };
		BF767C081903384E00EDD267 /* ListViewController.xib in Resources */ = {isa = PBXBuildFile; fileRef = BF767C061903384E00EDD267 /* ListViewController.xib */; };
/* End PBXBuildFile section */

/* Begin PBXContainerItemProxy section */
		BF767BE319032C8600EDD267 /* PBXContainerItemProxy */ = {
			isa = PBXContainerItemProxy;
			containerPortal = BF767BBB19032C8600EDD267 /* Project object */;
			proxyType = 1;
			remoteGlobalIDString = BF767BC219032C8600EDD267;
			remoteInfo = Ivee;
		};
/* End PBXContainerItemProxy section */

/* Begin PBXFileReference section */
		2254D196DB6448F1BB755E45 /* Pods.xcconfig */ = {isa = PBXFileReference; includeInIndex = 1; lastKnownFileType = text.xcconfig; name = Pods.xcconfig; path = Pods/Pods.xcconfig; sourceTree = "<group>"; };
		BF767BC319032C8600EDD267 /* Ivee.app */ = {isa = PBXFileReference; explicitFileType = wrapper.application; includeInIndex = 0; path = Ivee.app; sourceTree = BUILT_PRODUCTS_DIR; };
		BF767BC619032C8600EDD267 /* Foundation.framework */ = {isa = PBXFileReference; lastKnownFileType = wrapper.framework; name = Foundation.framework; path = System/Library/Frameworks/Foundation.framework; sourceTree = SDKROOT; };
		BF767BC819032C8600EDD267 /* CoreGraphics.framework */ = {isa = PBXFileReference; lastKnownFileType = wrapper.framework; name = CoreGraphics.framework; path = System/Library/Frameworks/CoreGraphics.framework; sourceTree = SDKROOT; };
		BF767BCA19032C8600EDD267 /* UIKit.framework */ = {isa = PBXFileReference; lastKnownFileType = wrapper.framework; name = UIKit.framework; path = System/Library/Frameworks/UIKit.framework; sourceTree = SDKROOT; };
		BF767BCE19032C8600EDD267 /* Ivee-Info.plist */ = {isa = PBXFileReference; lastKnownFileType = text.plist.xml; path = "Ivee-Info.plist"; sourceTree = "<group>"; };
		BF767BD019032C8600EDD267 /* en */ = {isa = PBXFileReference; lastKnownFileType = text.plist.strings; name = en; path = en.lproj/InfoPlist.strings; sourceTree = "<group>"; };
		BF767BD219032C8600EDD267 /* main.m */ = {isa = PBXFileReference; lastKnownFileType = sourcecode.c.objc; path = main.m; sourceTree = "<group>"; };
		BF767BD419032C8600EDD267 /* Ivee-Prefix.pch */ = {isa = PBXFileReference; lastKnownFileType = sourcecode.c.h; path = "Ivee-Prefix.pch"; sourceTree = "<group>"; };
		BF767BD519032C8600EDD267 /* AppDelegate.h */ = {isa = PBXFileReference; lastKnownFileType = sourcecode.c.h; path = AppDelegate.h; sourceTree = "<group>"; };
		BF767BD619032C8600EDD267 /* AppDelegate.m */ = {isa = PBXFileReference; lastKnownFileType = sourcecode.c.objc; path = AppDelegate.m; sourceTree = "<group>"; };
		BF767BD819032C8600EDD267 /* Images.xcassets */ = {isa = PBXFileReference; lastKnownFileType = folder.assetcatalog; path = Images.xcassets; sourceTree = "<group>"; };
		BF767BDE19032C8600EDD267 /* IveeTests.xctest */ = {isa = PBXFileReference; explicitFileType = wrapper.cfbundle; includeInIndex = 0; path = IveeTests.xctest; sourceTree = BUILT_PRODUCTS_DIR; };
		BF767BDF19032C8600EDD267 /* XCTest.framework */ = {isa = PBXFileReference; lastKnownFileType = wrapper.framework; name = XCTest.framework; path = Library/Frameworks/XCTest.framework; sourceTree = DEVELOPER_DIR; };
		BF767BE719032C8600EDD267 /* IveeTests-Info.plist */ = {isa = PBXFileReference; lastKnownFileType = text.plist.xml; path = "IveeTests-Info.plist"; sourceTree = "<group>"; };
		BF767BE919032C8600EDD267 /* en */ = {isa = PBXFileReference; lastKnownFileType = text.plist.strings; name = en; path = en.lproj/InfoPlist.strings; sourceTree = "<group>"; };
		BF767BEB19032C8600EDD267 /* IveeTests.m */ = {isa = PBXFileReference; lastKnownFileType = sourcecode.c.objc; path = IveeTests.m; sourceTree = "<group>"; };
		BF767BFA1903381400EDD267 /* BoardsIndexViewController.h */ = {isa = PBXFileReference; fileEncoding = 4; lastKnownFileType = sourcecode.c.h; path = BoardsIndexViewController.h; sourceTree = "<group>"; };
		BF767BFB1903381400EDD267 /* BoardsIndexViewController.m */ = {isa = PBXFileReference; fileEncoding = 4; lastKnownFileType = sourcecode.c.objc; path = BoardsIndexViewController.m; sourceTree = "<group>"; };
		BF767BFC1903381400EDD267 /* BoardsIndexViewController.xib */ = {isa = PBXFileReference; fileEncoding = 4; lastKnownFileType = file.xib; path = BoardsIndexViewController.xib; sourceTree = "<group>"; };
		BF767BFF1903382B00EDD267 /* NewBoardViewController.h */ = {isa = PBXFileReference; fileEncoding = 4; lastKnownFileType = sourcecode.c.h; path = NewBoardViewController.h; sourceTree = "<group>"; };
		BF767C001903382B00EDD267 /* NewBoardViewController.m */ = {isa = PBXFileReference; fileEncoding = 4; lastKnownFileType = sourcecode.c.objc; path = NewBoardViewController.m; sourceTree = "<group>"; };
		BF767C011903382B00EDD267 /* NewBoardViewController.xib */ = {isa = PBXFileReference; fileEncoding = 4; lastKnownFileType = file.xib; path = NewBoardViewController.xib; sourceTree = "<group>"; };
		BF767C041903384E00EDD267 /* ListViewController.h */ = {isa = PBXFileReference; fileEncoding = 4; lastKnownFileType = sourcecode.c.h; path = ListViewController.h; sourceTree = "<group>"; };
		BF767C051903384E00EDD267 /* ListViewController.m */ = {isa = PBXFileReference; fileEncoding = 4; lastKnownFileType = sourcecode.c.objc; path = ListViewController.m; sourceTree = "<group>"; };
		BF767C061903384E00EDD267 /* ListViewController.xib */ = {isa = PBXFileReference; fileEncoding = 4; lastKnownFileType = file.xib; path = ListViewController.xib; sourceTree = "<group>"; };
		D074486CAE8541B99084A9CB /* libPods.a */ = {isa = PBXFileReference; explicitFileType = archive.ar; includeInIndex = 0; path = libPods.a; sourceTree = BUILT_PRODUCTS_DIR; };
/* End PBXFileReference section */

/* Begin PBXFrameworksBuildPhase section */
		BF767BC019032C8600EDD267 /* Frameworks */ = {
			isa = PBXFrameworksBuildPhase;
			buildActionMask = 2147483647;
			files = (
				BF767BC919032C8600EDD267 /* CoreGraphics.framework in Frameworks */,
				BF767BCB19032C8600EDD267 /* UIKit.framework in Frameworks */,
				BF767BC719032C8600EDD267 /* Foundation.framework in Frameworks */,
				67D9AA7FAB6F4EAD847284A1 /* libPods.a in Frameworks */,
			);
			runOnlyForDeploymentPostprocessing = 0;
		};
		BF767BDB19032C8600EDD267 /* Frameworks */ = {
			isa = PBXFrameworksBuildPhase;
			buildActionMask = 2147483647;
			files = (
				BF767BE019032C8600EDD267 /* XCTest.framework in Frameworks */,
				BF767BE219032C8600EDD267 /* UIKit.framework in Frameworks */,
				BF767BE119032C8600EDD267 /* Foundation.framework in Frameworks */,
			);
			runOnlyForDeploymentPostprocessing = 0;
		};
/* End PBXFrameworksBuildPhase section */

/* Begin PBXGroup section */
		BF767BBA19032C8600EDD267 = {
			isa = PBXGroup;
			children = (
				BF767BCC19032C8600EDD267 /* Ivee */,
				BF767BE519032C8600EDD267 /* IveeTests */,
				BF767BC519032C8600EDD267 /* Frameworks */,
				BF767BC419032C8600EDD267 /* Products */,
				2254D196DB6448F1BB755E45 /* Pods.xcconfig */,
			);
			sourceTree = "<group>";
		};
		BF767BC419032C8600EDD267 /* Products */ = {
			isa = PBXGroup;
			children = (
				BF767BC319032C8600EDD267 /* Ivee.app */,
				BF767BDE19032C8600EDD267 /* IveeTests.xctest */,
			);
			name = Products;
			sourceTree = "<group>";
		};
		BF767BC519032C8600EDD267 /* Frameworks */ = {
			isa = PBXGroup;
			children = (
				BF767BC619032C8600EDD267 /* Foundation.framework */,
				BF767BC819032C8600EDD267 /* CoreGraphics.framework */,
				BF767BCA19032C8600EDD267 /* UIKit.framework */,
				BF767BDF19032C8600EDD267 /* XCTest.framework */,
				D074486CAE8541B99084A9CB /* libPods.a */,
			);
			name = Frameworks;
			sourceTree = "<group>";
		};
		BF767BCC19032C8600EDD267 /* Ivee */ = {
			isa = PBXGroup;
			children = (
				BF767BD519032C8600EDD267 /* AppDelegate.h */,
				BF767BD619032C8600EDD267 /* AppDelegate.m */,
				BF767BD819032C8600EDD267 /* Images.xcassets */,
				BF767BCD19032C8600EDD267 /* Supporting Files */,
				BF767BFA1903381400EDD267 /* BoardsIndexViewController.h */,
				BF767BFB1903381400EDD267 /* BoardsIndexViewController.m */,
				BF767BFC1903381400EDD267 /* BoardsIndexViewController.xib */,
				BF767BFF1903382B00EDD267 /* NewBoardViewController.h */,
				BF767C001903382B00EDD267 /* NewBoardViewController.m */,
				BF767C011903382B00EDD267 /* NewBoardViewController.xib */,
				BF767C041903384E00EDD267 /* ListViewController.h */,
				BF767C051903384E00EDD267 /* ListViewController.m */,
				BF767C061903384E00EDD267 /* ListViewController.xib */,
			);
			path = Ivee;
			sourceTree = "<group>";
		};
		BF767BCD19032C8600EDD267 /* Supporting Files */ = {
			isa = PBXGroup;
			children = (
				BF767BCE19032C8600EDD267 /* Ivee-Info.plist */,
				BF767BCF19032C8600EDD267 /* InfoPlist.strings */,
				BF767BD219032C8600EDD267 /* main.m */,
				BF767BD419032C8600EDD267 /* Ivee-Prefix.pch */,
			);
			name = "Supporting Files";
			sourceTree = "<group>";
		};
		BF767BE519032C8600EDD267 /* IveeTests */ = {
			isa = PBXGroup;
			children = (
				BF767BEB19032C8600EDD267 /* IveeTests.m */,
				BF767BE619032C8600EDD267 /* Supporting Files */,
			);
			path = IveeTests;
			sourceTree = "<group>";
		};
		BF767BE619032C8600EDD267 /* Supporting Files */ = {
			isa = PBXGroup;
			children = (
				BF767BE719032C8600EDD267 /* IveeTests-Info.plist */,
				BF767BE819032C8600EDD267 /* InfoPlist.strings */,
			);
			name = "Supporting Files";
			sourceTree = "<group>";
		};
/* End PBXGroup section */

/* Begin PBXNativeTarget section */
		BF767BC219032C8600EDD267 /* Ivee */ = {
			isa = PBXNativeTarget;
			buildConfigurationList = BF767BEF19032C8600EDD267 /* Build configuration list for PBXNativeTarget "Ivee" */;
			buildPhases = (
				4B3BA13E00C646D5A768E1F6 /* Check Pods Manifest.lock */,
				BF767BBF19032C8600EDD267 /* Sources */,
				BF767BC019032C8600EDD267 /* Frameworks */,
				BF767BC119032C8600EDD267 /* Resources */,
				0C7C6F0B79AE4FD9A46347B0 /* Copy Pods Resources */,
			);
			buildRules = (
			);
			dependencies = (
			);
			name = Ivee;
			productName = Ivee;
			productReference = BF767BC319032C8600EDD267 /* Ivee.app */;
			productType = "com.apple.product-type.application";
		};
		BF767BDD19032C8600EDD267 /* IveeTests */ = {
			isa = PBXNativeTarget;
			buildConfigurationList = BF767BF219032C8600EDD267 /* Build configuration list for PBXNativeTarget "IveeTests" */;
			buildPhases = (
				BF767BDA19032C8600EDD267 /* Sources */,
				BF767BDB19032C8600EDD267 /* Frameworks */,
				BF767BDC19032C8600EDD267 /* Resources */,
			);
			buildRules = (
			);
			dependencies = (
				BF767BE419032C8600EDD267 /* PBXTargetDependency */,
			);
			name = IveeTests;
			productName = IveeTests;
			productReference = BF767BDE19032C8600EDD267 /* IveeTests.xctest */;
			productType = "com.apple.product-type.bundle.unit-test";
		};
/* End PBXNativeTarget section */

/* Begin PBXProject section */
		BF767BBB19032C8600EDD267 /* Project object */ = {
			isa = PBXProject;
			attributes = {
				LastUpgradeCheck = 0510;
				ORGANIZATIONNAME = "Ram Ramakrishnan";
				TargetAttributes = {
					BF767BDD19032C8600EDD267 = {
						TestTargetID = BF767BC219032C8600EDD267;
					};
				};
			};
			buildConfigurationList = BF767BBE19032C8600EDD267 /* Build configuration list for PBXProject "Ivee" */;
			compatibilityVersion = "Xcode 3.2";
			developmentRegion = English;
			hasScannedForEncodings = 0;
			knownRegions = (
				en,
			);
			mainGroup = BF767BBA19032C8600EDD267;
			productRefGroup = BF767BC419032C8600EDD267 /* Products */;
			projectDirPath = "";
			projectRoot = "";
			targets = (
				BF767BC219032C8600EDD267 /* Ivee */,
				BF767BDD19032C8600EDD267 /* IveeTests */,
			);
		};
/* End PBXProject section */

/* Begin PBXResourcesBuildPhase section */
		BF767BC119032C8600EDD267 /* Resources */ = {
			isa = PBXResourcesBuildPhase;
			buildActionMask = 2147483647;
			files = (
				BF767C031903382B00EDD267 /* NewBoardViewController.xib in Resources */,
				BF767BFE1903381400EDD267 /* BoardsIndexViewController.xib in Resources */,
				BF767C081903384E00EDD267 /* ListViewController.xib in Resources */,
				BF767BD119032C8600EDD267 /* InfoPlist.strings in Resources */,
				BF767BD919032C8600EDD267 /* Images.xcassets in Resources */,
			);
			runOnlyForDeploymentPostprocessing = 0;
		};
		BF767BDC19032C8600EDD267 /* Resources */ = {
			isa = PBXResourcesBuildPhase;
			buildActionMask = 2147483647;
			files = (
				BF767BEA19032C8600EDD267 /* InfoPlist.strings in Resources */,
			);
			runOnlyForDeploymentPostprocessing = 0;
		};
/* End PBXResourcesBuildPhase section */

/* Begin PBXShellScriptBuildPhase section */
		0C7C6F0B79AE4FD9A46347B0 /* Copy Pods Resources */ = {
			isa = PBXShellScriptBuildPhase;
			buildActionMask = 2147483647;
			files = (
			);
			inputPaths = (
			);
			name = "Copy Pods Resources";
			outputPaths = (
			);
			runOnlyForDeploymentPostprocessing = 0;
			shellPath = /bin/sh;
			shellScript = "\"${SRCROOT}/Pods/Pods-resources.sh\"\n";
			showEnvVarsInLog = 0;
		};
		4B3BA13E00C646D5A768E1F6 /* Check Pods Manifest.lock */ = {
			isa = PBXShellScriptBuildPhase;
			buildActionMask = 2147483647;
			files = (
			);
			inputPaths = (
			);
			name = "Check Pods Manifest.lock";
			outputPaths = (
			);
			runOnlyForDeploymentPostprocessing = 0;
			shellPath = /bin/sh;
			shellScript = "diff \"${PODS_ROOT}/../Podfile.lock\" \"${PODS_ROOT}/Manifest.lock\" > /dev/null\nif [[ $? != 0 ]] ; then\n    cat << EOM\nerror: The sandbox is not in sync with the Podfile.lock. Run 'pod install' or update your CocoaPods installation.\nEOM\n    exit 1\nfi\n";
			showEnvVarsInLog = 0;
		};
/* End PBXShellScriptBuildPhase section */

/* Begin PBXSourcesBuildPhase section */
		BF767BBF19032C8600EDD267 /* Sources */ = {
			isa = PBXSourcesBuildPhase;
			buildActionMask = 2147483647;
			files = (
				BF767C071903384E00EDD267 /* ListViewController.m in Sources */,
				BF767C021903382B00EDD267 /* NewBoardViewController.m in Sources */,
				BF767BD719032C8600EDD267 /* AppDelegate.m in Sources */,
				BF767BFD1903381400EDD267 /* BoardsIndexViewController.m in Sources */,
				BF767BD319032C8600EDD267 /* main.m in Sources */,
			);
			runOnlyForDeploymentPostprocessing = 0;
		};
		BF767BDA19032C8600EDD267 /* Sources */ = {
			isa = PBXSourcesBuildPhase;
			buildActionMask = 2147483647;
			files = (
				BF767BEC19032C8600EDD267 /* IveeTests.m in Sources */,
			);
			runOnlyForDeploymentPostprocessing = 0;
		};
/* End PBXSourcesBuildPhase section */

/* Begin PBXTargetDependency section */
		BF767BE419032C8600EDD267 /* PBXTargetDependency */ = {
			isa = PBXTargetDependency;
			target = BF767BC219032C8600EDD267 /* Ivee */;
			targetProxy = BF767BE319032C8600EDD267 /* PBXContainerItemProxy */;
		};
/* End PBXTargetDependency section */

/* Begin PBXVariantGroup section */
		BF767BCF19032C8600EDD267 /* InfoPlist.strings */ = {
			isa = PBXVariantGroup;
			children = (
				BF767BD019032C8600EDD267 /* en */,
			);
			name = InfoPlist.strings;
			sourceTree = "<group>";
		};
		BF767BE819032C8600EDD267 /* InfoPlist.strings */ = {
			isa = PBXVariantGroup;
			children = (
				BF767BE919032C8600EDD267 /* en */,
			);
			name = InfoPlist.strings;
			sourceTree = "<group>";
		};
/* End PBXVariantGroup section */

/* Begin XCBuildConfiguration section */
		BF767BED19032C8600EDD267 /* Debug */ = {
			isa = XCBuildConfiguration;
			buildSettings = {
				ALWAYS_SEARCH_USER_PATHS = NO;
				CLANG_CXX_LANGUAGE_STANDARD = "gnu++0x";
				CLANG_CXX_LIBRARY = "libc++";
				CLANG_ENABLE_MODULES = YES;
				CLANG_ENABLE_OBJC_ARC = YES;
				CLANG_WARN_BOOL_CONVERSION = YES;
				CLANG_WARN_CONSTANT_CONVERSION = YES;
				CLANG_WARN_DIRECT_OBJC_ISA_USAGE = YES_ERROR;
				CLANG_WARN_EMPTY_BODY = YES;
				CLANG_WARN_ENUM_CONVERSION = YES;
				CLANG_WARN_INT_CONVERSION = YES;
				CLANG_WARN_OBJC_ROOT_CLASS = YES_ERROR;
				CLANG_WARN__DUPLICATE_METHOD_MATCH = YES;
				"CODE_SIGN_IDENTITY[sdk=iphoneos*]" = "iPhone Developer";
				COPY_PHASE_STRIP = NO;
				GCC_C_LANGUAGE_STANDARD = gnu99;
				GCC_DYNAMIC_NO_PIC = NO;
				GCC_OPTIMIZATION_LEVEL = 0;
				GCC_PREPROCESSOR_DEFINITIONS = (
					"DEBUG=1",
					"$(inherited)",
				);
				GCC_SYMBOLS_PRIVATE_EXTERN = NO;
				GCC_WARN_64_TO_32_BIT_CONVERSION = YES;
				GCC_WARN_ABOUT_RETURN_TYPE = YES_ERROR;
				GCC_WARN_UNDECLARED_SELECTOR = YES;
				GCC_WARN_UNINITIALIZED_AUTOS = YES_AGGRESSIVE;
				GCC_WARN_UNUSED_FUNCTION = YES;
				GCC_WARN_UNUSED_VARIABLE = YES;
				IPHONEOS_DEPLOYMENT_TARGET = 7.1;
				ONLY_ACTIVE_ARCH = YES;
				SDKROOT = iphoneos;
			};
			name = Debug;
		};
		BF767BEE19032C8600EDD267 /* Release */ = {
			isa = XCBuildConfiguration;
			buildSettings = {
				ALWAYS_SEARCH_USER_PATHS = NO;
				CLANG_CXX_LANGUAGE_STANDARD = "gnu++0x";
				CLANG_CXX_LIBRARY = "libc++";
				CLANG_ENABLE_MODULES = YES;
				CLANG_ENABLE_OBJC_ARC = YES;
				CLANG_WARN_BOOL_CONVERSION = YES;
				CLANG_WARN_CONSTANT_CONVERSION = YES;
				CLANG_WARN_DIRECT_OBJC_ISA_USAGE = YES_ERROR;
				CLANG_WARN_EMPTY_BODY = YES;
				CLANG_WARN_ENUM_CONVERSION = YES;
				CLANG_WARN_INT_CONVERSION = YES;
				CLANG_WARN_OBJC_ROOT_CLASS = YES_ERROR;
				CLANG_WARN__DUPLICATE_METHOD_MATCH = YES;
				"CODE_SIGN_IDENTITY[sdk=iphoneos*]" = "iPhone Developer";
				COPY_PHASE_STRIP = YES;
				ENABLE_NS_ASSERTIONS = NO;
				GCC_C_LANGUAGE_STANDARD = gnu99;
				GCC_WARN_64_TO_32_BIT_CONVERSION = YES;
				GCC_WARN_ABOUT_RETURN_TYPE = YES_ERROR;
				GCC_WARN_UNDECLARED_SELECTOR = YES;
				GCC_WARN_UNINITIALIZED_AUTOS = YES_AGGRESSIVE;
				GCC_WARN_UNUSED_FUNCTION = YES;
				GCC_WARN_UNUSED_VARIABLE = YES;
				IPHONEOS_DEPLOYMENT_TARGET = 7.1;
				SDKROOT = iphoneos;
				VALIDATE_PRODUCT = YES;
			};
			name = Release;
		};
		BF767BF019032C8600EDD267 /* Debug */ = {
			isa = XCBuildConfiguration;
			baseConfigurationReference = 2254D196DB6448F1BB755E45 /* Pods.xcconfig */;
			buildSettings = {
				ASSETCATALOG_COMPILER_APPICON_NAME = AppIcon;
				ASSETCATALOG_COMPILER_LAUNCHIMAGE_NAME = LaunchImage;
				GCC_PRECOMPILE_PREFIX_HEADER = YES;
				GCC_PREFIX_HEADER = "Ivee/Ivee-Prefix.pch";
				INFOPLIST_FILE = "Ivee/Ivee-Info.plist";
				PRODUCT_NAME = "$(TARGET_NAME)";
				WRAPPER_EXTENSION = app;
			};
			name = Debug;
		};
		BF767BF119032C8600EDD267 /* Release */ = {
			isa = XCBuildConfiguration;
			baseConfigurationReference = 2254D196DB6448F1BB755E45 /* Pods.xcconfig */;
			buildSettings = {
				ASSETCATALOG_COMPILER_APPICON_NAME = AppIcon;
				ASSETCATALOG_COMPILER_LAUNCHIMAGE_NAME = LaunchImage;
				GCC_PRECOMPILE_PREFIX_HEADER = YES;
				GCC_PREFIX_HEADER = "Ivee/Ivee-Prefix.pch";
				INFOPLIST_FILE = "Ivee/Ivee-Info.plist";
				PRODUCT_NAME = "$(TARGET_NAME)";
				WRAPPER_EXTENSION = app;
			};
			name = Release;
		};
		BF767BF319032C8600EDD267 /* Debug */ = {
			isa = XCBuildConfiguration;
			buildSettings = {
				BUNDLE_LOADER = "$(BUILT_PRODUCTS_DIR)/Ivee.app/Ivee";
				FRAMEWORK_SEARCH_PATHS = (
					"$(SDKROOT)/Developer/Library/Frameworks",
					"$(inherited)",
					"$(DEVELOPER_FRAMEWORKS_DIR)",
				);
				GCC_PRECOMPILE_PREFIX_HEADER = YES;
				GCC_PREFIX_HEADER = "Ivee/Ivee-Prefix.pch";
				GCC_PREPROCESSOR_DEFINITIONS = (
					"DEBUG=1",
					"$(inherited)",
				);
				INFOPLIST_FILE = "IveeTests/IveeTests-Info.plist";
				PRODUCT_NAME = "$(TARGET_NAME)";
				TEST_HOST = "$(BUNDLE_LOADER)";
				WRAPPER_EXTENSION = xctest;
			};
			name = Debug;
		};
		BF767BF419032C8600EDD267 /* Release */ = {
			isa = XCBuildConfiguration;
			buildSettings = {
				BUNDLE_LOADER = "$(BUILT_PRODUCTS_DIR)/Ivee.app/Ivee";
				FRAMEWORK_SEARCH_PATHS = (
					"$(SDKROOT)/Developer/Library/Frameworks",
					"$(inherited)",
					"$(DEVELOPER_FRAMEWORKS_DIR)",
				);
				GCC_PRECOMPILE_PREFIX_HEADER = YES;
				GCC_PREFIX_HEADER = "Ivee/Ivee-Prefix.pch";
				INFOPLIST_FILE = "IveeTests/IveeTests-Info.plist";
				PRODUCT_NAME = "$(TARGET_NAME)";
				TEST_HOST = "$(BUNDLE_LOADER)";
				WRAPPER_EXTENSION = xctest;
			};
			name = Release;
		};
/* End XCBuildConfiguration section */

/* Begin XCConfigurationList section */
		BF767BBE19032C8600EDD267 /* Build configuration list for PBXProject "Ivee" */ = {
			isa = XCConfigurationList;
			buildConfigurations = (
				BF767BED19032C8600EDD267 /* Debug */,
				BF767BEE19032C8600EDD267 /* Release */,
			);
			defaultConfigurationIsVisible = 0;
			defaultConfigurationName = Release;
		};
		BF767BEF19032C8600EDD267 /* Build configuration list for PBXNativeTarget "Ivee" */ = {
			isa = XCConfigurationList;
			buildConfigurations = (
				BF767BF019032C8600EDD267 /* Debug */,
				BF767BF119032C8600EDD267 /* Release */,
			);
			defaultConfigurationIsVisible = 0;
			defaultConfigurationName = Release;
		};
		BF767BF219032C8600EDD267 /* Build configuration list for PBXNativeTarget "IveeTests" */ = {
			isa = XCConfigurationList;
			buildConfigurations = (
				BF767BF319032C8600EDD267 /* Debug */,
				BF767BF419032C8600EDD267 /* Release */,
			);
			defaultConfigurationIsVisible = 0;
			defaultConfigurationName = Release;
		};
/* End XCConfigurationList section */
	};
	rootObject = BF767BBB19032C8600EDD267 /* Project object */;
}
